
Microsoft Visual Studio Solution File, Format Version 12.00
# Visual Studio Version 17
VisualStudioVersion = 17.11.35219.272
MinimumVisualStudioVersion = 10.0.40219.1
Project("{FAE04EC0-301F-11D3-BF4B-00C04F79EFBC}") = "5 практическая с Equales", "5 практическая с Equales\5 практическая с Equales.csproj", "{83A5A475-92A8-443D-8ACE-32E55BB087E9}"
EndProject
Global
	GlobalSection(SolutionConfigurationPlatforms) = preSolution
		Debug|Any CPU = Debug|Any CPU
		Release|Any CPU = Release|Any CPU
	EndGlobalSection
	GlobalSection(ProjectConfigurationPlatforms) = postSolution
		{83A5A475-92A8-443D-8ACE-32E55BB087E9}.Debug|Any CPU.ActiveCfg = Debug|Any CPU
		{83A5A475-92A8-443D-8ACE-32E55BB087E9}.Debug|Any CPU.Build.0 = Debug|Any CPU
		{83A5A475-92A8-443D-8ACE-32E55BB087E9}.Release|Any CPU.ActiveCfg = Release|Any CPU
		{83A5A475-92A8-443D-8ACE-32E55BB087E9}.Release|Any CPU.Build.0 = Release|Any CPU
	EndGlobalSection
	GlobalSection(SolutionProperties) = preSolution
		HideSolutionNode = FALSE
	EndGlobalSection
	GlobalSection(ExtensibilityGlobals) = postSolution
		SolutionGuid = {9F349677-6D8A-444E-AC35-8A374D4A633D}
	EndGlobalSection
EndGlobal
